
Microsoft Visual Studio Solution File, Format Version 12.00
# Visual Studio Version 17
VisualStudioVersion = 17.1.32414.318
MinimumVisualStudioVersion = 10.0.40219.1
Project("{8BC9CEB8-8B4A-11D0-8D11-00A0C91BC942}") = "GTA 5 External", "GTA 5 External\GTA 5 External.vcxproj", "{CED28E33-3D00-4C09-A42E-1EE08A5606A5}"
EndProject
Global
	GlobalSection(SolutionConfigurationPlatforms) = preSolution
		Debug|x64 = Debug|x64
		Debug|x86 = Debug|x86
		Release|x64 = Release|x64
		Release|x86 = Release|x86
	EndGlobalSection
	GlobalSection(ProjectConfigurationPlatforms) = postSolution
		{CED28E33-3D00-4C09-A42E-1EE08A5606A5}.Debug|x64.ActiveCfg = Debug|x64
		{CED28E33-3D00-4C09-A42E-1EE08A5606A5}.Debug|x64.Build.0 = Debug|x64
		{CED28E33-3D00-4C09-A42E-1EE08A5606A5}.Debug|x86.ActiveCfg = Debug|Win32
		{CED28E33-3D00-4C09-A42E-1EE08A5606A5}.Debug|x86.Build.0 = Debug|Win32
		{CED28E33-3D00-4C09-A42E-1EE08A5606A5}.Release|x64.ActiveCfg = Release|x64
		{CED28E33-3D00-4C09-A42E-1EE08A5606A5}.Release|x64.Build.0 = Release|x64
		{CED28E33-3D00-4C09-A42E-1EE08A5606A5}.Release|x86.ActiveCfg = Release|Win32
		{CED28E33-3D00-4C09-A42E-1EE08A5606A5}.Release|x86.Build.0 = Release|Win32
	EndGlobalSection
	GlobalSection(SolutionProperties) = preSolution
		HideSolutionNode = FALSE
	EndGlobalSection
	GlobalSection(ExtensibilityGlobals) = postSolution
		SolutionGuid = {A750F706-7158-4C2E-90CC-C25EA58AF902}
	EndGlobalSection
EndGlobal
